
Microsoft Visual Studio Solution File, Format Version 12.00
# Visual Studio Version 17
VisualStudioVersion = 17.9.34728.123
MinimumVisualStudioVersion = 10.0.40219.1
Project("{FAE04EC0-301F-11D3-BF4B-00C04F79EFBC}") = "MauiCrudJuht", "MauiCrudJuht\MauiCrudJuht.csproj", "{4CF14632-08B5-438F-B92F-A1C8E343455B}"
EndProject
Global
	GlobalSection(SolutionConfigurationPlatforms) = preSolution
		Debug|Any CPU = Debug|Any CPU
		Release|Any CPU = Release|Any CPU
	EndGlobalSection
	GlobalSection(ProjectConfigurationPlatforms) = postSolution
		{4CF14632-08B5-438F-B92F-A1C8E343455B}.Debug|Any CPU.ActiveCfg = Debug|Any CPU
		{4CF14632-08B5-438F-B92F-A1C8E343455B}.Debug|Any CPU.Build.0 = Debug|Any CPU
		{4CF14632-08B5-438F-B92F-A1C8E343455B}.Debug|Any CPU.Deploy.0 = Debug|Any CPU
		{4CF14632-08B5-438F-B92F-A1C8E343455B}.Release|Any CPU.ActiveCfg = Release|Any CPU
		{4CF14632-08B5-438F-B92F-A1C8E343455B}.Release|Any CPU.Build.0 = Release|Any CPU
		{4CF14632-08B5-438F-B92F-A1C8E343455B}.Release|Any CPU.Deploy.0 = Release|Any CPU
	EndGlobalSection
	GlobalSection(SolutionProperties) = preSolution
		HideSolutionNode = FALSE
	EndGlobalSection
	GlobalSection(ExtensibilityGlobals) = postSolution
		SolutionGuid = {82527C26-1984-40F8-8A73-6AC1BBAE1182}
	EndGlobalSection
EndGlobal
